
Microsoft Visual Studio Solution File, Format Version 12.00
# Visual Studio Version 16
VisualStudioVersion = 16.0.31112.23
MinimumVisualStudioVersion = 10.0.40219.1
Project("{9A19103F-16F7-4668-BE54-9A1E7A4F7556}") = "CoreDemo", "CoreDemo\CoreDemo.csproj", "{5D84FB81-27B9-4D95-B0B8-415C7DB37FB5}"
EndProject
Project("{9A19103F-16F7-4668-BE54-9A1E7A4F7556}") = "EntityLayer", "EntityLayer\EntityLayer.csproj", "{75619900-5C00-4F14-AED8-25C189044055}"
EndProject
Project("{9A19103F-16F7-4668-BE54-9A1E7A4F7556}") = "DataAccessLayer", "DataAccessLayer\DataAccessLayer.csproj", "{2A91186F-7167-4268-9544-6861521E8293}"
EndProject
Project("{9A19103F-16F7-4668-BE54-9A1E7A4F7556}") = "BusinessLayer", "BusinessLayer\BusinessLayer.csproj", "{7AEB3765-0FD6-4923-9EF0-B7AB2DA79320}"
EndProject
Project("{9A19103F-16F7-4668-BE54-9A1E7A4F7556}") = "Core", "Core\Core.csproj", "{28ED5496-EE46-4D05-B7AF-D64923CE6691}"
EndProject
Global
	GlobalSection(SolutionConfigurationPlatforms) = preSolution
		Debug|Any CPU = Debug|Any CPU
		Release|Any CPU = Release|Any CPU
	EndGlobalSection
	GlobalSection(ProjectConfigurationPlatforms) = postSolution
		{5D84FB81-27B9-4D95-B0B8-415C7DB37FB5}.Debug|Any CPU.ActiveCfg = Debug|Any CPU
		{5D84FB81-27B9-4D95-B0B8-415C7DB37FB5}.Debug|Any CPU.Build.0 = Debug|Any CPU
		{5D84FB81-27B9-4D95-B0B8-415C7DB37FB5}.Release|Any CPU.ActiveCfg = Release|Any CPU
		{5D84FB81-27B9-4D95-B0B8-415C7DB37FB5}.Release|Any CPU.Build.0 = Release|Any CPU
		{75619900-5C00-4F14-AED8-25C189044055}.Debug|Any CPU.ActiveCfg = Debug|Any CPU
		{75619900-5C00-4F14-AED8-25C189044055}.Debug|Any CPU.Build.0 = Debug|Any CPU
		{75619900-5C00-4F14-AED8-25C189044055}.Release|Any CPU.ActiveCfg = Release|Any CPU
		{75619900-5C00-4F14-AED8-25C189044055}.Release|Any CPU.Build.0 = Release|Any CPU
		{2A91186F-7167-4268-9544-6861521E8293}.Debug|Any CPU.ActiveCfg = Debug|Any CPU
		{2A91186F-7167-4268-9544-6861521E8293}.Debug|Any CPU.Build.0 = Debug|Any CPU
		{2A91186F-7167-4268-9544-6861521E8293}.Release|Any CPU.ActiveCfg = Release|Any CPU
		{2A91186F-7167-4268-9544-6861521E8293}.Release|Any CPU.Build.0 = Release|Any CPU
		{7AEB3765-0FD6-4923-9EF0-B7AB2DA79320}.Debug|Any CPU.ActiveCfg = Debug|Any CPU
		{7AEB3765-0FD6-4923-9EF0-B7AB2DA79320}.Debug|Any CPU.Build.0 = Debug|Any CPU
		{7AEB3765-0FD6-4923-9EF0-B7AB2DA79320}.Release|Any CPU.ActiveCfg = Release|Any CPU
		{7AEB3765-0FD6-4923-9EF0-B7AB2DA79320}.Release|Any CPU.Build.0 = Release|Any CPU
		{28ED5496-EE46-4D05-B7AF-D64923CE6691}.Debug|Any CPU.ActiveCfg = Debug|Any CPU
		{28ED5496-EE46-4D05-B7AF-D64923CE6691}.Debug|Any CPU.Build.0 = Debug|Any CPU
		{28ED5496-EE46-4D05-B7AF-D64923CE6691}.Release|Any CPU.ActiveCfg = Release|Any CPU
		{28ED5496-EE46-4D05-B7AF-D64923CE6691}.Release|Any CPU.Build.0 = Release|Any CPU
	EndGlobalSection
	GlobalSection(SolutionProperties) = preSolution
		HideSolutionNode = FALSE
	EndGlobalSection
	GlobalSection(ExtensibilityGlobals) = postSolution
		SolutionGuid = {F923556E-27CA-4149-8085-7B929F5675A9}
	EndGlobalSection
EndGlobal
